// !$*UTF8*$!
{
	archiveVersion = 1;
	classes = {
	};
	objectVersion = 55;
	objects = {

/* Begin PBXBuildFile section */
		5E0701862B25D4C400517EA0 /* NetworkMonitor.swift in Sources */ = {isa = PBXBuildFile; fileRef = 5E0701852B25D4C300517EA0 /* NetworkMonitor.swift */; };
		5E0701892B25DC3B00517EA0 /* UIModels.swift in Sources */ = {isa = PBXBuildFile; fileRef = 5E0701882B25DC3B00517EA0 /* UIModels.swift */; };
		5E07018D2B27209A00517EA0 /* HomeFirebaseService.swift in Sources */ = {isa = PBXBuildFile; fileRef = 5E07018C2B27209A00517EA0 /* HomeFirebaseService.swift */; };
		5E07018F2B27252700517EA0 /* CloudFirestoreService.swift in Sources */ = {isa = PBXBuildFile; fileRef = 5E07018E2B27252700517EA0 /* CloudFirestoreService.swift */; };
		5E0701922B2733DE00517EA0 /* UIViewController + ext.swift in Sources */ = {isa = PBXBuildFile; fileRef = 5E0701912B2733DE00517EA0 /* UIViewController + ext.swift */; };
		5E0DE9052B45479700F3387C /* AddToCartAnimationView.swift in Sources */ = {isa = PBXBuildFile; fileRef = 5E0DE9042B45479700F3387C /* AddToCartAnimationView.swift */; };
		5E0DE9072B458ABA00F3387C /* MapView.swift in Sources */ = {isa = PBXBuildFile; fileRef = 5E0DE9062B458ABA00F3387C /* MapView.swift */; };
		5E0DE90A2B458FFC00F3387C /* MapViewModel.swift in Sources */ = {isa = PBXBuildFile; fileRef = 5E0DE9092B458FFC00F3387C /* MapViewModel.swift */; };
		5E0DE90C2B459B9000F3387C /* ProductFirebaseService.swift in Sources */ = {isa = PBXBuildFile; fileRef = 5E0DE90B2B459B9000F3387C /* ProductFirebaseService.swift */; };
		5E1148E32B57D8C10073B2E8 /* SettingScreenOrientation.swift in Sources */ = {isa = PBXBuildFile; fileRef = 5E1148E22B57D8C10073B2E8 /* SettingScreenOrientation.swift */; };
		5E1148E92B5907680073B2E8 /* MallController.swift in Sources */ = {isa = PBXBuildFile; fileRef = 5E1148E82B5907680073B2E8 /* MallController.swift */; };
		5E1148F72B5BC5BA0073B2E8 /* CustomNavigationBar.swift in Sources */ = {isa = PBXBuildFile; fileRef = 5E1148F62B5BC5BA0073B2E8 /* CustomNavigationBar.swift */; };
		5E1148FA2B5BC6180073B2E8 /* Date.swift in Sources */ = {isa = PBXBuildFile; fileRef = 5E1148F92B5BC6180073B2E8 /* Date.swift */; };
		5E1148FC2B5BC6EA0073B2E8 /* UIApplication + ext.swift in Sources */ = {isa = PBXBuildFile; fileRef = 5E1148FB2B5BC6EA0073B2E8 /* UIApplication + ext.swift */; };
		5E1148FE2B5BCDB60073B2E8 /* MallService.swift in Sources */ = {isa = PBXBuildFile; fileRef = 5E1148FD2B5BCDB60073B2E8 /* MallService.swift */; };
		5E1A35312B13DE8A0076FDC1 /* Resources.swift in Sources */ = {isa = PBXBuildFile; fileRef = 5E1A35302B13DE8A0076FDC1 /* Resources.swift */; };
		5E1A35352B13DFED0076FDC1 /* UIColor + ext.swift in Sources */ = {isa = PBXBuildFile; fileRef = 5E1A35342B13DFED0076FDC1 /* UIColor + ext.swift */; };
		5E1A35372B13E1770076FDC1 /* TabBarController.swift in Sources */ = {isa = PBXBuildFile; fileRef = 5E1A35362B13E1770076FDC1 /* TabBarController.swift */; };
		5E1A35392B13E27E0076FDC1 /* NavigationController.swift in Sources */ = {isa = PBXBuildFile; fileRef = 5E1A35382B13E27E0076FDC1 /* NavigationController.swift */; };
		5E1A353D2B13E6E30076FDC1 /* HomeController.swift in Sources */ = {isa = PBXBuildFile; fileRef = 5E1A353C2B13E6E30076FDC1 /* HomeController.swift */; };
		5E1A35422B13E77A0076FDC1 /* CatalogController.swift in Sources */ = {isa = PBXBuildFile; fileRef = 5E1A35412B13E77A0076FDC1 /* CatalogController.swift */; };
		5E1A35462B13E7CC0076FDC1 /* MallsController.swift in Sources */ = {isa = PBXBuildFile; fileRef = 5E1A35452B13E7CC0076FDC1 /* MallsController.swift */; };
		5E1A354A2B13E81E0076FDC1 /* CartController.swift in Sources */ = {isa = PBXBuildFile; fileRef = 5E1A35492B13E81E0076FDC1 /* CartController.swift */; };
		5E1A354E2B13E8700076FDC1 /* ProfileController.swift in Sources */ = {isa = PBXBuildFile; fileRef = 5E1A354D2B13E8700076FDC1 /* ProfileController.swift */; };
		5E1A35522B14AE980076FDC1 /* UITabBarController + ext.swift in Sources */ = {isa = PBXBuildFile; fileRef = 5E1A35512B14AE980076FDC1 /* UITabBarController + ext.swift */; };
		5E1A35552B14D2760076FDC1 /* PresentController.swift in Sources */ = {isa = PBXBuildFile; fileRef = 5E1A35542B14D2760076FDC1 /* PresentController.swift */; };
		5E1A35572B14D2BD0076FDC1 /* ChildPageController.swift in Sources */ = {isa = PBXBuildFile; fileRef = 5E1A35562B14D2BD0076FDC1 /* ChildPageController.swift */; };
		5E1A35592B14D2E70076FDC1 /* ChildContentController.swift in Sources */ = {isa = PBXBuildFile; fileRef = 5E1A35582B14D2E70076FDC1 /* ChildContentController.swift */; };
		5E1A355D2B15FF720076FDC1 /* LaunchScreenController.swift in Sources */ = {isa = PBXBuildFile; fileRef = 5E1A355C2B15FF720076FDC1 /* LaunchScreenController.swift */; };
		5E1A355F2B161B3D0076FDC1 /* FirebaseService.swift in Sources */ = {isa = PBXBuildFile; fileRef = 5E1A355E2B161B3D0076FDC1 /* FirebaseService.swift */; };
		5E1A35612B161CF60076FDC1 /* AppSettings.swift in Sources */ = {isa = PBXBuildFile; fileRef = 5E1A35602B161CF60076FDC1 /* AppSettings.swift */; };
		5E1A35652B17246E0076FDC1 /* ActivityContainerView.swift in Sources */ = {isa = PBXBuildFile; fileRef = 5E1A35642B17246D0076FDC1 /* ActivityContainerView.swift */; };
		5E1A35672B1734A90076FDC1 /* PlaceholderView.swift in Sources */ = {isa = PBXBuildFile; fileRef = 5E1A35662B1734A80076FDC1 /* PlaceholderView.swift */; };
		5E22B1372B3AE59300CDD18A /* AllShops.swift in Sources */ = {isa = PBXBuildFile; fileRef = 5E22B1362B3AE59300CDD18A /* AllShops.swift */; };
		5E22B1392B3AE91700CDD18A /* AllShopCell.swift in Sources */ = {isa = PBXBuildFile; fileRef = 5E22B1382B3AE91700CDD18A /* AllShopCell.swift */; };
		5E22B13F2B3C0B0000CDD18A /* ListProductController.swift in Sources */ = {isa = PBXBuildFile; fileRef = 5E22B13E2B3C0B0000CDD18A /* ListProductController.swift */; };
		5E22B1412B3C0D4E00CDD18A /* ListProductService.swift in Sources */ = {isa = PBXBuildFile; fileRef = 5E22B1402B3C0D4E00CDD18A /* ListProductService.swift */; };
		5E22B1432B3C443500CDD18A /* ListProductCollectionView.swift in Sources */ = {isa = PBXBuildFile; fileRef = 5E22B1422B3C443500CDD18A /* ListProductCollectionView.swift */; };
		5E2700392B70C99D0073367C /* ModelDataTransformation.swift in Sources */ = {isa = PBXBuildFile; fileRef = 5E2700382B70C99D0073367C /* ModelDataTransformation.swift */; };
		5E7D7E6A2B44A0EE0009B8E8 /* ProductController.swift in Sources */ = {isa = PBXBuildFile; fileRef = 5E7D7E692B44A0EE0009B8E8 /* ProductController.swift */; };
		5E7D7E6C2B44A7B70009B8E8 /* ImageCell.swift in Sources */ = {isa = PBXBuildFile; fileRef = 5E7D7E6B2B44A7B70009B8E8 /* ImageCell.swift */; };
		5E7D7E702B44ABD80009B8E8 /* ImageNumber.swift in Sources */ = {isa = PBXBuildFile; fileRef = 5E7D7E6F2B44ABD80009B8E8 /* ImageNumber.swift */; };
		5E7D7E722B44ACAD0009B8E8 /* MallTableViewCell.swift in Sources */ = {isa = PBXBuildFile; fileRef = 5E7D7E712B44ACAD0009B8E8 /* MallTableViewCell.swift */; };
		5E7D7E742B44AD030009B8E8 /* ShopDetailController.swift in Sources */ = {isa = PBXBuildFile; fileRef = 5E7D7E732B44AD030009B8E8 /* ShopDetailController.swift */; };
		5E7DE9D62B723D88007B44CC /* Patterns.swift in Sources */ = {isa = PBXBuildFile; fileRef = 5E7DE9D52B723D88007B44CC /* Patterns.swift */; };
		5E7DE9DA2B7253A4007B44CC /* AllMallsController.swift in Sources */ = {isa = PBXBuildFile; fileRef = 5E7DE9D92B7253A4007B44CC /* AllMallsController.swift */; };
		5E7DE9E02B73BBF2007B44CC /* FieldFilterFlowLayout.swift in Sources */ = {isa = PBXBuildFile; fileRef = 5E7DE9DF2B73BBF2007B44CC /* FieldFilterFlowLayout.swift */; };
		5E7DE9E22B73BD57007B44CC /* FilterCell.swift in Sources */ = {isa = PBXBuildFile; fileRef = 5E7DE9E12B73BD57007B44CC /* FilterCell.swift */; };
		5E88134D2AF4D8110044F299 /* AppDelegate.swift in Sources */ = {isa = PBXBuildFile; fileRef = 5E88134C2AF4D8110044F299 /* AppDelegate.swift */; };
		5E88134F2AF4D8110044F299 /* SceneDelegate.swift in Sources */ = {isa = PBXBuildFile; fileRef = 5E88134E2AF4D8110044F299 /* SceneDelegate.swift */; };
		5E8813562AF4D8180044F299 /* Assets.xcassets in Resources */ = {isa = PBXBuildFile; fileRef = 5E8813552AF4D8180044F299 /* Assets.xcassets */; };
		5E8813672AF4DB7A0044F299 /* GoogleService-Info.plist in Resources */ = {isa = PBXBuildFile; fileRef = 5E8813662AF4DB7A0044F299 /* GoogleService-Info.plist */; };
		5E8C4CB32B6E81E100756DDA /* HeaderCatalogSection.swift in Sources */ = {isa = PBXBuildFile; fileRef = 5E8C4CB22B6E81E100756DDA /* HeaderCatalogSection.swift */; };
		5E99AB5C2B358B7C00FA9FD4 /* HomeCollectionView.swift in Sources */ = {isa = PBXBuildFile; fileRef = 5E99AB5B2B358B7C00FA9FD4 /* HomeCollectionView.swift */; };
		5E9B52222B5121E400F907B6 /* FullScreenImageController.swift in Sources */ = {isa = PBXBuildFile; fileRef = 5E9B52212B5121E400F907B6 /* FullScreenImageController.swift */; };
		5E9B52242B51222C00F907B6 /* FullScreenImageCell.swift in Sources */ = {isa = PBXBuildFile; fileRef = 5E9B52232B51222C00F907B6 /* FullScreenImageCell.swift */; };
		5E9B52262B51226000F907B6 /* ImageScrollView.swift in Sources */ = {isa = PBXBuildFile; fileRef = 5E9B52252B51226000F907B6 /* ImageScrollView.swift */; };
		5E9B522B2B52ADDE00F907B6 /* MapController.swift in Sources */ = {isa = PBXBuildFile; fileRef = 5E9B522A2B52ADDE00F907B6 /* MapController.swift */; };
		5E9B522D2B52AE6200F907B6 /* XMarkView.swift in Sources */ = {isa = PBXBuildFile; fileRef = 5E9B522C2B52AE6200F907B6 /* XMarkView.swift */; };
		5EC492362B303E600061C71F /* MallCell.swift in Sources */ = {isa = PBXBuildFile; fileRef = 5EC492352B303E5F0061C71F /* MallCell.swift */; };
		5EC492382B304C410061C71F /* ShopCell.swift in Sources */ = {isa = PBXBuildFile; fileRef = 5EC492372B304C410061C71F /* ShopCell.swift */; };
		5EC4923A2B3063370061C71F /* ProductCell.swift in Sources */ = {isa = PBXBuildFile; fileRef = 5EC492392B3063370061C71F /* ProductCell.swift */; };
		5EC4923E2B3076F10061C71F /* BackgroundCollectionReusableView.swift in Sources */ = {isa = PBXBuildFile; fileRef = 5EC4923D2B3076F10061C71F /* BackgroundCollectionReusableView.swift */; };
		5EC492402B3079250061C71F /* HeaderTitleSection.swift in Sources */ = {isa = PBXBuildFile; fileRef = 5EC4923F2B3079250061C71F /* HeaderTitleSection.swift */; };
		5EC492422B307A950061C71F /* HeaderShopSection.swift in Sources */ = {isa = PBXBuildFile; fileRef = 5EC492412B307A950061C71F /* HeaderShopSection.swift */; };
		5EC492442B307CF90061C71F /* HeaderMallSection.swift in Sources */ = {isa = PBXBuildFile; fileRef = 5EC492432B307CF90061C71F /* HeaderMallSection.swift */; };
		5EFAC9952B6510E600B8A824 /* CompositeLayoutCollectionAsMallVC.swift in Sources */ = {isa = PBXBuildFile; fileRef = 5EFAC9942B6510E500B8A824 /* CompositeLayoutCollectionAsMallVC.swift */; };
		5EFAC9992B665F7F00B8A824 /* NavigationMallCell.swift in Sources */ = {isa = PBXBuildFile; fileRef = 5EFAC9982B665F7F00B8A824 /* NavigationMallCell.swift */; };
		5EFAC99B2B666C8100B8A824 /* MapCell.swift in Sources */ = {isa = PBXBuildFile; fileRef = 5EFAC99A2B666C8100B8A824 /* MapCell.swift */; };
		5EFAC99D2B69313300B8A824 /* BuilderViewController.swift in Sources */ = {isa = PBXBuildFile; fileRef = 5EFAC99C2B69313300B8A824 /* BuilderViewController.swift */; };
		5EFAC99F2B6A5D6800B8A824 /* ShopCellIntoMall.swift in Sources */ = {isa = PBXBuildFile; fileRef = 5EFAC99E2B6A5D6800B8A824 /* ShopCellIntoMall.swift */; };
		5EFAC9A12B6A602E00B8A824 /* MapHelper.swift in Sources */ = {isa = PBXBuildFile; fileRef = 5EFAC9A02B6A602E00B8A824 /* MapHelper.swift */; };
		5EFAC9A62B6BD29400B8A824 /* CatalogFirebaseService.swift in Sources */ = {isa = PBXBuildFile; fileRef = 5EFAC9A52B6BD29400B8A824 /* CatalogFirebaseService.swift */; };
		E1DD2CCA647A52952EE5B773 /* Pods_FirstObserverAir.framework in Frameworks */ = {isa = PBXBuildFile; fileRef = 9782C997E00BA48649C30F1F /* Pods_FirstObserverAir.framework */; };
/* End PBXBuildFile section */

/* Begin PBXFileReference section */
		25B33F3694BF03C8F4D45936 /* Pods-FirstObserverAir.debug.xcconfig */ = {isa = PBXFileReference; includeInIndex = 1; lastKnownFileType = text.xcconfig; name = "Pods-FirstObserverAir.debug.xcconfig"; path = "Target Support Files/Pods-FirstObserverAir/Pods-FirstObserverAir.debug.xcconfig"; sourceTree = "<group>"; };
		5E0701852B25D4C300517EA0 /* NetworkMonitor.swift */ = {isa = PBXFileReference; lastKnownFileType = sourcecode.swift; path = NetworkMonitor.swift; sourceTree = "<group>"; };
		5E0701882B25DC3B00517EA0 /* UIModels.swift */ = {isa = PBXFileReference; lastKnownFileType = sourcecode.swift; path = UIModels.swift; sourceTree = "<group>"; };
		5E07018C2B27209A00517EA0 /* HomeFirebaseService.swift */ = {isa = PBXFileReference; lastKnownFileType = sourcecode.swift; path = HomeFirebaseService.swift; sourceTree = "<group>"; };
		5E07018E2B27252700517EA0 /* CloudFirestoreService.swift */ = {isa = PBXFileReference; lastKnownFileType = sourcecode.swift; path = CloudFirestoreService.swift; sourceTree = "<group>"; };
		5E0701912B2733DE00517EA0 /* UIViewController + ext.swift */ = {isa = PBXFileReference; lastKnownFileType = sourcecode.swift; path = "UIViewController + ext.swift"; sourceTree = "<group>"; };
		5E0DE9042B45479700F3387C /* AddToCartAnimationView.swift */ = {isa = PBXFileReference; lastKnownFileType = sourcecode.swift; path = AddToCartAnimationView.swift; sourceTree = "<group>"; };
		5E0DE9062B458ABA00F3387C /* MapView.swift */ = {isa = PBXFileReference; lastKnownFileType = sourcecode.swift; path = MapView.swift; sourceTree = "<group>"; };
		5E0DE9092B458FFC00F3387C /* MapViewModel.swift */ = {isa = PBXFileReference; lastKnownFileType = sourcecode.swift; path = MapViewModel.swift; sourceTree = "<group>"; };
		5E0DE90B2B459B9000F3387C /* ProductFirebaseService.swift */ = {isa = PBXFileReference; lastKnownFileType = sourcecode.swift; path = ProductFirebaseService.swift; sourceTree = "<group>"; };
		5E1148E22B57D8C10073B2E8 /* SettingScreenOrientation.swift */ = {isa = PBXFileReference; lastKnownFileType = sourcecode.swift; path = SettingScreenOrientation.swift; sourceTree = "<group>"; };
		5E1148E82B5907680073B2E8 /* MallController.swift */ = {isa = PBXFileReference; lastKnownFileType = sourcecode.swift; path = MallController.swift; sourceTree = "<group>"; };
		5E1148F62B5BC5BA0073B2E8 /* CustomNavigationBar.swift */ = {isa = PBXFileReference; lastKnownFileType = sourcecode.swift; path = CustomNavigationBar.swift; sourceTree = "<group>"; };
		5E1148F92B5BC6180073B2E8 /* Date.swift */ = {isa = PBXFileReference; lastKnownFileType = sourcecode.swift; path = Date.swift; sourceTree = "<group>"; };
		5E1148FB2B5BC6EA0073B2E8 /* UIApplication + ext.swift */ = {isa = PBXFileReference; lastKnownFileType = sourcecode.swift; path = "UIApplication + ext.swift"; sourceTree = "<group>"; };
		5E1148FD2B5BCDB60073B2E8 /* MallService.swift */ = {isa = PBXFileReference; lastKnownFileType = sourcecode.swift; path = MallService.swift; sourceTree = "<group>"; };
		5E1A35302B13DE8A0076FDC1 /* Resources.swift */ = {isa = PBXFileReference; lastKnownFileType = sourcecode.swift; path = Resources.swift; sourceTree = "<group>"; };
		5E1A35342B13DFED0076FDC1 /* UIColor + ext.swift */ = {isa = PBXFileReference; lastKnownFileType = sourcecode.swift; path = "UIColor + ext.swift"; sourceTree = "<group>"; };
		5E1A35362B13E1770076FDC1 /* TabBarController.swift */ = {isa = PBXFileReference; lastKnownFileType = sourcecode.swift; path = TabBarController.swift; sourceTree = "<group>"; };
		5E1A35382B13E27E0076FDC1 /* NavigationController.swift */ = {isa = PBXFileReference; lastKnownFileType = sourcecode.swift; path = NavigationController.swift; sourceTree = "<group>"; };
		5E1A353C2B13E6E30076FDC1 /* HomeController.swift */ = {isa = PBXFileReference; lastKnownFileType = sourcecode.swift; path = HomeController.swift; sourceTree = "<group>"; };
		5E1A35412B13E77A0076FDC1 /* CatalogController.swift */ = {isa = PBXFileReference; lastKnownFileType = sourcecode.swift; path = CatalogController.swift; sourceTree = "<group>"; };
		5E1A35452B13E7CC0076FDC1 /* MallsController.swift */ = {isa = PBXFileReference; lastKnownFileType = sourcecode.swift; path = MallsController.swift; sourceTree = "<group>"; };
		5E1A35492B13E81E0076FDC1 /* CartController.swift */ = {isa = PBXFileReference; lastKnownFileType = sourcecode.swift; path = CartController.swift; sourceTree = "<group>"; };
		5E1A354D2B13E8700076FDC1 /* ProfileController.swift */ = {isa = PBXFileReference; lastKnownFileType = sourcecode.swift; path = ProfileController.swift; sourceTree = "<group>"; };
		5E1A35512B14AE980076FDC1 /* UITabBarController + ext.swift */ = {isa = PBXFileReference; lastKnownFileType = sourcecode.swift; path = "UITabBarController + ext.swift"; sourceTree = "<group>"; };
		5E1A35542B14D2760076FDC1 /* PresentController.swift */ = {isa = PBXFileReference; lastKnownFileType = sourcecode.swift; path = PresentController.swift; sourceTree = "<group>"; };
		5E1A35562B14D2BD0076FDC1 /* ChildPageController.swift */ = {isa = PBXFileReference; lastKnownFileType = sourcecode.swift; path = ChildPageController.swift; sourceTree = "<group>"; };
		5E1A35582B14D2E70076FDC1 /* ChildContentController.swift */ = {isa = PBXFileReference; lastKnownFileType = sourcecode.swift; path = ChildContentController.swift; sourceTree = "<group>"; };
		5E1A355C2B15FF720076FDC1 /* LaunchScreenController.swift */ = {isa = PBXFileReference; lastKnownFileType = sourcecode.swift; path = LaunchScreenController.swift; sourceTree = "<group>"; };
		5E1A355E2B161B3D0076FDC1 /* FirebaseService.swift */ = {isa = PBXFileReference; lastKnownFileType = sourcecode.swift; path = FirebaseService.swift; sourceTree = "<group>"; };
		5E1A35602B161CF60076FDC1 /* AppSettings.swift */ = {isa = PBXFileReference; lastKnownFileType = sourcecode.swift; path = AppSettings.swift; sourceTree = "<group>"; };
		5E1A35642B17246D0076FDC1 /* ActivityContainerView.swift */ = {isa = PBXFileReference; lastKnownFileType = sourcecode.swift; path = ActivityContainerView.swift; sourceTree = "<group>"; };
		5E1A35662B1734A80076FDC1 /* PlaceholderView.swift */ = {isa = PBXFileReference; lastKnownFileType = sourcecode.swift; path = PlaceholderView.swift; sourceTree = "<group>"; };
		5E22B1362B3AE59300CDD18A /* AllShops.swift */ = {isa = PBXFileReference; lastKnownFileType = sourcecode.swift; path = AllShops.swift; sourceTree = "<group>"; };
		5E22B1382B3AE91700CDD18A /* AllShopCell.swift */ = {isa = PBXFileReference; lastKnownFileType = sourcecode.swift; path = AllShopCell.swift; sourceTree = "<group>"; };
		5E22B13E2B3C0B0000CDD18A /* ListProductController.swift */ = {isa = PBXFileReference; lastKnownFileType = sourcecode.swift; path = ListProductController.swift; sourceTree = "<group>"; };
		5E22B1402B3C0D4E00CDD18A /* ListProductService.swift */ = {isa = PBXFileReference; lastKnownFileType = sourcecode.swift; path = ListProductService.swift; sourceTree = "<group>"; };
		5E22B1422B3C443500CDD18A /* ListProductCollectionView.swift */ = {isa = PBXFileReference; lastKnownFileType = sourcecode.swift; path = ListProductCollectionView.swift; sourceTree = "<group>"; };
		5E2700382B70C99D0073367C /* ModelDataTransformation.swift */ = {isa = PBXFileReference; lastKnownFileType = sourcecode.swift; path = ModelDataTransformation.swift; sourceTree = "<group>"; };
		5E7D7E692B44A0EE0009B8E8 /* ProductController.swift */ = {isa = PBXFileReference; lastKnownFileType = sourcecode.swift; path = ProductController.swift; sourceTree = "<group>"; };
		5E7D7E6B2B44A7B70009B8E8 /* ImageCell.swift */ = {isa = PBXFileReference; lastKnownFileType = sourcecode.swift; path = ImageCell.swift; sourceTree = "<group>"; };
		5E7D7E6F2B44ABD80009B8E8 /* ImageNumber.swift */ = {isa = PBXFileReference; lastKnownFileType = sourcecode.swift; path = ImageNumber.swift; sourceTree = "<group>"; };
		5E7D7E712B44ACAD0009B8E8 /* MallTableViewCell.swift */ = {isa = PBXFileReference; lastKnownFileType = sourcecode.swift; path = MallTableViewCell.swift; sourceTree = "<group>"; };
		5E7D7E732B44AD030009B8E8 /* ShopDetailController.swift */ = {isa = PBXFileReference; lastKnownFileType = sourcecode.swift; path = ShopDetailController.swift; sourceTree = "<group>"; };
		5E7DE9D52B723D88007B44CC /* Patterns.swift */ = {isa = PBXFileReference; lastKnownFileType = sourcecode.swift; path = Patterns.swift; sourceTree = "<group>"; };
		5E7DE9D92B7253A4007B44CC /* AllMallsController.swift */ = {isa = PBXFileReference; lastKnownFileType = sourcecode.swift; path = AllMallsController.swift; sourceTree = "<group>"; };
		5E7DE9DF2B73BBF2007B44CC /* FieldFilterFlowLayout.swift */ = {isa = PBXFileReference; lastKnownFileType = sourcecode.swift; path = FieldFilterFlowLayout.swift; sourceTree = "<group>"; };
		5E7DE9E12B73BD57007B44CC /* FilterCell.swift */ = {isa = PBXFileReference; lastKnownFileType = sourcecode.swift; path = FilterCell.swift; sourceTree = "<group>"; };
		5E8813492AF4D8110044F299 /* FirstObserverAir.app */ = {isa = PBXFileReference; explicitFileType = wrapper.application; includeInIndex = 0; path = FirstObserverAir.app; sourceTree = BUILT_PRODUCTS_DIR; };
		5E88134C2AF4D8110044F299 /* AppDelegate.swift */ = {isa = PBXFileReference; lastKnownFileType = sourcecode.swift; path = AppDelegate.swift; sourceTree = "<group>"; };
		5E88134E2AF4D8110044F299 /* SceneDelegate.swift */ = {isa = PBXFileReference; lastKnownFileType = sourcecode.swift; path = SceneDelegate.swift; sourceTree = "<group>"; };
		5E8813552AF4D8180044F299 /* Assets.xcassets */ = {isa = PBXFileReference; lastKnownFileType = folder.assetcatalog; path = Assets.xcassets; sourceTree = "<group>"; };
		5E88135A2AF4D8180044F299 /* Info.plist */ = {isa = PBXFileReference; lastKnownFileType = text.plist.xml; path = Info.plist; sourceTree = "<group>"; };
		5E8813662AF4DB7A0044F299 /* GoogleService-Info.plist */ = {isa = PBXFileReference; fileEncoding = 4; lastKnownFileType = text.plist.xml; path = "GoogleService-Info.plist"; sourceTree = "<group>"; };
		5E8C4CB22B6E81E100756DDA /* HeaderCatalogSection.swift */ = {isa = PBXFileReference; lastKnownFileType = sourcecode.swift; path = HeaderCatalogSection.swift; sourceTree = "<group>"; };
		5E99AB5B2B358B7C00FA9FD4 /* HomeCollectionView.swift */ = {isa = PBXFileReference; lastKnownFileType = sourcecode.swift; path = HomeCollectionView.swift; sourceTree = "<group>"; };
		5E9B52212B5121E400F907B6 /* FullScreenImageController.swift */ = {isa = PBXFileReference; lastKnownFileType = sourcecode.swift; path = FullScreenImageController.swift; sourceTree = "<group>"; };
		5E9B52232B51222C00F907B6 /* FullScreenImageCell.swift */ = {isa = PBXFileReference; lastKnownFileType = sourcecode.swift; path = FullScreenImageCell.swift; sourceTree = "<group>"; };
		5E9B52252B51226000F907B6 /* ImageScrollView.swift */ = {isa = PBXFileReference; lastKnownFileType = sourcecode.swift; path = ImageScrollView.swift; sourceTree = "<group>"; };
		5E9B522A2B52ADDE00F907B6 /* MapController.swift */ = {isa = PBXFileReference; lastKnownFileType = sourcecode.swift; path = MapController.swift; sourceTree = "<group>"; };
		5E9B522C2B52AE6200F907B6 /* XMarkView.swift */ = {isa = PBXFileReference; lastKnownFileType = sourcecode.swift; path = XMarkView.swift; sourceTree = "<group>"; };
		5EC492352B303E5F0061C71F /* MallCell.swift */ = {isa = PBXFileReference; lastKnownFileType = sourcecode.swift; path = MallCell.swift; sourceTree = "<group>"; };
		5EC492372B304C410061C71F /* ShopCell.swift */ = {isa = PBXFileReference; lastKnownFileType = sourcecode.swift; path = ShopCell.swift; sourceTree = "<group>"; };
		5EC492392B3063370061C71F /* ProductCell.swift */ = {isa = PBXFileReference; lastKnownFileType = sourcecode.swift; path = ProductCell.swift; sourceTree = "<group>"; };
		5EC4923D2B3076F10061C71F /* BackgroundCollectionReusableView.swift */ = {isa = PBXFileReference; lastKnownFileType = sourcecode.swift; path = BackgroundCollectionReusableView.swift; sourceTree = "<group>"; };
		5EC4923F2B3079250061C71F /* HeaderTitleSection.swift */ = {isa = PBXFileReference; lastKnownFileType = sourcecode.swift; path = HeaderTitleSection.swift; sourceTree = "<group>"; };
		5EC492412B307A950061C71F /* HeaderShopSection.swift */ = {isa = PBXFileReference; lastKnownFileType = sourcecode.swift; path = HeaderShopSection.swift; sourceTree = "<group>"; };
		5EC492432B307CF90061C71F /* HeaderMallSection.swift */ = {isa = PBXFileReference; lastKnownFileType = sourcecode.swift; path = HeaderMallSection.swift; sourceTree = "<group>"; };
		5EFAC9942B6510E500B8A824 /* CompositeLayoutCollectionAsMallVC.swift */ = {isa = PBXFileReference; lastKnownFileType = sourcecode.swift; path = CompositeLayoutCollectionAsMallVC.swift; sourceTree = "<group>"; };
		5EFAC9982B665F7F00B8A824 /* NavigationMallCell.swift */ = {isa = PBXFileReference; lastKnownFileType = sourcecode.swift; path = NavigationMallCell.swift; sourceTree = "<group>"; };
		5EFAC99A2B666C8100B8A824 /* MapCell.swift */ = {isa = PBXFileReference; lastKnownFileType = sourcecode.swift; path = MapCell.swift; sourceTree = "<group>"; };
		5EFAC99C2B69313300B8A824 /* BuilderViewController.swift */ = {isa = PBXFileReference; lastKnownFileType = sourcecode.swift; path = BuilderViewController.swift; sourceTree = "<group>"; };
		5EFAC99E2B6A5D6800B8A824 /* ShopCellIntoMall.swift */ = {isa = PBXFileReference; lastKnownFileType = sourcecode.swift; path = ShopCellIntoMall.swift; sourceTree = "<group>"; };
		5EFAC9A02B6A602E00B8A824 /* MapHelper.swift */ = {isa = PBXFileReference; lastKnownFileType = sourcecode.swift; path = MapHelper.swift; sourceTree = "<group>"; };
		5EFAC9A52B6BD29400B8A824 /* CatalogFirebaseService.swift */ = {isa = PBXFileReference; lastKnownFileType = sourcecode.swift; path = CatalogFirebaseService.swift; sourceTree = "<group>"; };
		6AA0408173C8FC1180172F7B /* Pods-FirstObserverAir.release.xcconfig */ = {isa = PBXFileReference; includeInIndex = 1; lastKnownFileType = text.xcconfig; name = "Pods-FirstObserverAir.release.xcconfig"; path = "Target Support Files/Pods-FirstObserverAir/Pods-FirstObserverAir.release.xcconfig"; sourceTree = "<group>"; };
		9782C997E00BA48649C30F1F /* Pods_FirstObserverAir.framework */ = {isa = PBXFileReference; explicitFileType = wrapper.framework; includeInIndex = 0; path = Pods_FirstObserverAir.framework; sourceTree = BUILT_PRODUCTS_DIR; };
/* End PBXFileReference section */

/* Begin PBXFrameworksBuildPhase section */
		5E8813462AF4D8110044F299 /* Frameworks */ = {
			isa = PBXFrameworksBuildPhase;
			buildActionMask = 2147483647;
			files = (
				E1DD2CCA647A52952EE5B773 /* Pods_FirstObserverAir.framework in Frameworks */,
			);
			runOnlyForDeploymentPostprocessing = 0;
		};
/* End PBXFrameworksBuildPhase section */

/* Begin PBXGroup section */
		3D5041C79978B878D6051182 /* Pods */ = {
			isa = PBXGroup;
			children = (
				25B33F3694BF03C8F4D45936 /* Pods-FirstObserverAir.debug.xcconfig */,
				6AA0408173C8FC1180172F7B /* Pods-FirstObserverAir.release.xcconfig */,
			);
			path = Pods;
			sourceTree = "<group>";
		};
		5D83CA4EC9B797E6302DCEEE /* Frameworks */ = {
			isa = PBXGroup;
			children = (
				9782C997E00BA48649C30F1F /* Pods_FirstObserverAir.framework */,
			);
			name = Frameworks;
			sourceTree = "<group>";
		};
		5E07018A2B271B7600517EA0 /* View */ = {
			isa = PBXGroup;
			children = (
				5EC4923C2B3076B00061C71F /* Header */,
				5EC4923B2B3076900061C71F /* Cell */,
			);
			path = View;
			sourceTree = "<group>";
		};
		5E07018B2B271B8B00517EA0 /* Model */ = {
			isa = PBXGroup;
			children = (
				5E07018C2B27209A00517EA0 /* HomeFirebaseService.swift */,
				5E07018E2B27252700517EA0 /* CloudFirestoreService.swift */,
			);
			path = Model;
			sourceTree = "<group>";
		};
		5E0DE9082B458F7E00F3387C /* MapController */ = {
			isa = PBXGroup;
			children = (
				5E9B52282B52ADB400F907B6 /* Controller */,
				5E9B52292B52ADC400F907B6 /* View */,
				5E9B52272B52ADA300F907B6 /* Model */,
			);
			path = MapController;
			sourceTree = "<group>";
		};
		5E1148E42B5907180073B2E8 /* MallController */ = {
			isa = PBXGroup;
			children = (
				5E1148E72B5907410073B2E8 /* Model */,
				5E1148E62B5907390073B2E8 /* View */,
				5E1148E52B5907310073B2E8 /* Controller */,
			);
			path = MallController;
			sourceTree = "<group>";
		};
		5E1148E52B5907310073B2E8 /* Controller */ = {
			isa = PBXGroup;
			children = (
				5E1148E82B5907680073B2E8 /* MallController.swift */,
			);
			path = Controller;
			sourceTree = "<group>";
		};
		5E1148E62B5907390073B2E8 /* View */ = {
			isa = PBXGroup;
			children = (
				5EFAC99A2B666C8100B8A824 /* MapCell.swift */,
				5EFAC9982B665F7F00B8A824 /* NavigationMallCell.swift */,
				5EFAC99E2B6A5D6800B8A824 /* ShopCellIntoMall.swift */,
			);
			path = View;
			sourceTree = "<group>";
		};
		5E1148E72B5907410073B2E8 /* Model */ = {
			isa = PBXGroup;
			children = (
				5E1148FD2B5BCDB60073B2E8 /* MallService.swift */,
			);
			path = Model;
			sourceTree = "<group>";
		};
		5E1148F42B5BC57C0073B2E8 /* ExploreNewFeature  */ = {
			isa = PBXGroup;
			children = (
				5E7DE9D42B723D68007B44CC /* Pattern */,
				5E1148F82B5BC6070073B2E8 /* Date */,
				5E1148F52B5BC59B0073B2E8 /* View */,
			);
			path = "ExploreNewFeature ";
			sourceTree = "<group>";
		};
		5E1148F52B5BC59B0073B2E8 /* View */ = {
			isa = PBXGroup;
			children = (
				5E1148F62B5BC5BA0073B2E8 /* CustomNavigationBar.swift */,
				5EFAC9942B6510E500B8A824 /* CompositeLayoutCollectionAsMallVC.swift */,
			);
			path = View;
			sourceTree = "<group>";
		};
		5E1148F82B5BC6070073B2E8 /* Date */ = {
			isa = PBXGroup;
			children = (
				5E1148F92B5BC6180073B2E8 /* Date.swift */,
			);
			path = Date;
			sourceTree = "<group>";
		};
		5E1A352E2B13DCAA0076FDC1 /* TabBarController */ = {
			isa = PBXGroup;
			children = (
				5E1A35362B13E1770076FDC1 /* TabBarController.swift */,
			);
			path = TabBarController;
			sourceTree = "<group>";
		};
		5E1A352F2B13DCBE0076FDC1 /* NavigationController */ = {
			isa = PBXGroup;
			children = (
				5E1A35632B17240A0076FDC1 /* View */,
				5E1A35622B1723ED0076FDC1 /* Controller */,
			);
			path = NavigationController;
			sourceTree = "<group>";
		};
		5E1A35322B13DF240076FDC1 /* Helpers */ = {
			isa = PBXGroup;
			children = (
				5E1A35332B13DF770076FDC1 /* Extensions */,
				5E1A35302B13DE8A0076FDC1 /* Resources.swift */,
				5E1148E22B57D8C10073B2E8 /* SettingScreenOrientation.swift */,
				5EFAC99C2B69313300B8A824 /* BuilderViewController.swift */,
			);
			path = Helpers;
			sourceTree = "<group>";
		};
		5E1A35332B13DF770076FDC1 /* Extensions */ = {
			isa = PBXGroup;
			children = (
				5E0701912B2733DE00517EA0 /* UIViewController + ext.swift */,
				5E1A35342B13DFED0076FDC1 /* UIColor + ext.swift */,
				5E1A35512B14AE980076FDC1 /* UITabBarController + ext.swift */,
				5E1148FB2B5BC6EA0073B2E8 /* UIApplication + ext.swift */,
			);
			path = Extensions;
			sourceTree = "<group>";
		};
		5E1A353A2B13E61F0076FDC1 /* Home */ = {
			isa = PBXGroup;
			children = (
				5E07018B2B271B8B00517EA0 /* Model */,
				5E07018A2B271B7600517EA0 /* View */,
				5E1A353E2B13E7190076FDC1 /* Controller */,
			);
			path = Home;
			sourceTree = "<group>";
		};
		5E1A353E2B13E7190076FDC1 /* Controller */ = {
			isa = PBXGroup;
			children = (
				5E1A353C2B13E6E30076FDC1 /* HomeController.swift */,
			);
			path = Controller;
			sourceTree = "<group>";
		};
		5E1A353F2B13E72C0076FDC1 /* Catalog */ = {
			isa = PBXGroup;
			children = (
				5EFAC9A82B6CD4B100B8A824 /* Model */,
				5EFAC9A72B6CD4AA00B8A824 /* View */,
				5E1A35402B13E7510076FDC1 /* Controller */,
			);
			path = Catalog;
			sourceTree = "<group>";
		};
		5E1A35402B13E7510076FDC1 /* Controller */ = {
			isa = PBXGroup;
			children = (
				5E1A35412B13E77A0076FDC1 /* CatalogController.swift */,
			);
			path = Controller;
			sourceTree = "<group>";
		};
		5E1A35432B13E7980076FDC1 /* Malls */ = {
			isa = PBXGroup;
			children = (
				5EFAC9A42B6BCF2A00B8A824 /* Model */,
				5EFAC9A32B6BCF2200B8A824 /* View */,
				5E1A35442B13E7A40076FDC1 /* Controller */,
			);
			path = Malls;
			sourceTree = "<group>";
		};
		5E1A35442B13E7A40076FDC1 /* Controller */ = {
			isa = PBXGroup;
			children = (
				5E1A35452B13E7CC0076FDC1 /* MallsController.swift */,
			);
			path = Controller;
			sourceTree = "<group>";
		};
		5E1A35472B13E7E90076FDC1 /* Cart */ = {
			isa = PBXGroup;
			children = (
				5E1A35482B13E8070076FDC1 /* Controller */,
			);
			path = Cart;
			sourceTree = "<group>";
		};
		5E1A35482B13E8070076FDC1 /* Controller */ = {
			isa = PBXGroup;
			children = (
				5E1A35492B13E81E0076FDC1 /* CartController.swift */,
			);
			path = Controller;
			sourceTree = "<group>";
		};
		5E1A354B2B13E8380076FDC1 /* Profile */ = {
			isa = PBXGroup;
			children = (
				5E1A354C2B13E8560076FDC1 /* Controller */,
			);
			path = Profile;
			sourceTree = "<group>";
		};
		5E1A354C2B13E8560076FDC1 /* Controller */ = {
			isa = PBXGroup;
			children = (
				5E1A354D2B13E8700076FDC1 /* ProfileController.swift */,
			);
			path = Controller;
			sourceTree = "<group>";
		};
		5E1A35532B14D1F50076FDC1 /* Onboard */ = {
			isa = PBXGroup;
			children = (
				5E1A35542B14D2760076FDC1 /* PresentController.swift */,
				5E1A35562B14D2BD0076FDC1 /* ChildPageController.swift */,
				5E1A35582B14D2E70076FDC1 /* ChildContentController.swift */,
			);
			path = Onboard;
			sourceTree = "<group>";
		};
		5E1A355B2B15FF3B0076FDC1 /* LaunchScreen */ = {
			isa = PBXGroup;
			children = (
				5E1A355C2B15FF720076FDC1 /* LaunchScreenController.swift */,
			);
			path = LaunchScreen;
			sourceTree = "<group>";
		};
		5E1A35622B1723ED0076FDC1 /* Controller */ = {
			isa = PBXGroup;
			children = (
				5E1A35382B13E27E0076FDC1 /* NavigationController.swift */,
			);
			path = Controller;
			sourceTree = "<group>";
		};
		5E1A35632B17240A0076FDC1 /* View */ = {
			isa = PBXGroup;
			children = (
				5E1A35642B17246D0076FDC1 /* ActivityContainerView.swift */,
				5E1A35662B1734A80076FDC1 /* PlaceholderView.swift */,
			);
			path = View;
			sourceTree = "<group>";
		};
		5E22B1332B3AE40000CDD18A /* AllShops */ = {
			isa = PBXGroup;
			children = (
				5E22B1352B3AE42300CDD18A /* View */,
				5E22B1342B3AE41300CDD18A /* Controller */,
			);
			path = AllShops;
			sourceTree = "<group>";
		};
		5E22B1342B3AE41300CDD18A /* Controller */ = {
			isa = PBXGroup;
			children = (
				5E22B1362B3AE59300CDD18A /* AllShops.swift */,
			);
			path = Controller;
			sourceTree = "<group>";
		};
		5E22B1352B3AE42300CDD18A /* View */ = {
			isa = PBXGroup;
			children = (
				5E22B1382B3AE91700CDD18A /* AllShopCell.swift */,
			);
			path = View;
			sourceTree = "<group>";
		};
		5E22B13A2B3C0AAD00CDD18A /* ListProduct */ = {
			isa = PBXGroup;
			children = (
				5E22B13D2B3C0ACE00CDD18A /* View */,
				5E22B13C2B3C0AC400CDD18A /* Model */,
				5E22B13B2B3C0ABA00CDD18A /* Controller */,
			);
			path = ListProduct;
			sourceTree = "<group>";
		};
		5E22B13B2B3C0ABA00CDD18A /* Controller */ = {
			isa = PBXGroup;
			children = (
				5E22B13E2B3C0B0000CDD18A /* ListProductController.swift */,
			);
			path = Controller;
			sourceTree = "<group>";
		};
		5E22B13C2B3C0AC400CDD18A /* Model */ = {
			isa = PBXGroup;
			children = (
				5E22B1402B3C0D4E00CDD18A /* ListProductService.swift */,
			);
			path = Model;
			sourceTree = "<group>";
		};
		5E22B13D2B3C0ACE00CDD18A /* View */ = {
			isa = PBXGroup;
			children = (
				5E22B1422B3C443500CDD18A /* ListProductCollectionView.swift */,
				5E7DE9E12B73BD57007B44CC /* FilterCell.swift */,
			);
			path = View;
			sourceTree = "<group>";
		};
		5E7D7E652B44A0920009B8E8 /* Product */ = {
			isa = PBXGroup;
			children = (
				5E7D7E682B44A0C60009B8E8 /* Controller */,
				5E7D7E672B44A0BF0009B8E8 /* View */,
				5E7D7E662B44A0B40009B8E8 /* Model */,
			);
			path = Product;
			sourceTree = "<group>";
		};
		5E7D7E662B44A0B40009B8E8 /* Model */ = {
			isa = PBXGroup;
			children = (
				5E0DE90B2B459B9000F3387C /* ProductFirebaseService.swift */,
			);
			path = Model;
			sourceTree = "<group>";
		};
		5E7D7E672B44A0BF0009B8E8 /* View */ = {
			isa = PBXGroup;
			children = (
				5E7D7E6B2B44A7B70009B8E8 /* ImageCell.swift */,
				5E7D7E6F2B44ABD80009B8E8 /* ImageNumber.swift */,
				5E7D7E712B44ACAD0009B8E8 /* MallTableViewCell.swift */,
				5E0DE9042B45479700F3387C /* AddToCartAnimationView.swift */,
			);
			path = View;
			sourceTree = "<group>";
		};
		5E7D7E682B44A0C60009B8E8 /* Controller */ = {
			isa = PBXGroup;
			children = (
				5E7D7E692B44A0EE0009B8E8 /* ProductController.swift */,
				5E7D7E732B44AD030009B8E8 /* ShopDetailController.swift */,
			);
			path = Controller;
			sourceTree = "<group>";
		};
		5E7DE9D42B723D68007B44CC /* Pattern */ = {
			isa = PBXGroup;
			children = (
				5E7DE9D52B723D88007B44CC /* Patterns.swift */,
			);
			path = Pattern;
			sourceTree = "<group>";
		};
		5E7DE9D72B72536E007B44CC /* AllMalls */ = {
			isa = PBXGroup;
			children = (
				5E7DE9D82B725387007B44CC /* Controller */,
			);
			path = AllMalls;
			sourceTree = "<group>";
		};
		5E7DE9D82B725387007B44CC /* Controller */ = {
			isa = PBXGroup;
			children = (
				5E7DE9D92B7253A4007B44CC /* AllMallsController.swift */,
			);
			path = Controller;
			sourceTree = "<group>";
		};
		5E7DE9DB2B73BB18007B44CC /* FilterController */ = {
			isa = PBXGroup;
			children = (
				5E7DE9DE2B73BB43007B44CC /* Controller */,
				5E7DE9DD2B73BB39007B44CC /* Model */,
				5E7DE9DC2B73BB33007B44CC /* View */,
			);
			path = FilterController;
			sourceTree = "<group>";
		};
		5E7DE9DC2B73BB33007B44CC /* View */ = {
			isa = PBXGroup;
			children = (
				5E7DE9DF2B73BBF2007B44CC /* FieldFilterFlowLayout.swift */,
			);
			path = View;
			sourceTree = "<group>";
		};
		5E7DE9DD2B73BB39007B44CC /* Model */ = {
			isa = PBXGroup;
			children = (
			);
			path = Model;
			sourceTree = "<group>";
		};
		5E7DE9DE2B73BB43007B44CC /* Controller */ = {
			isa = PBXGroup;
			children = (
			);
			path = Controller;
			sourceTree = "<group>";
		};
		5E8813402AF4D8110044F299 = {
			isa = PBXGroup;
			children = (
				5E88134B2AF4D8110044F299 /* FirstObserverAir */,
				5E88134A2AF4D8110044F299 /* Products */,
				3D5041C79978B878D6051182 /* Pods */,
				5D83CA4EC9B797E6302DCEEE /* Frameworks */,
			);
			sourceTree = "<group>";
		};
		5E88134A2AF4D8110044F299 /* Products */ = {
			isa = PBXGroup;
			children = (
				5E8813492AF4D8110044F299 /* FirstObserverAir.app */,
			);
			name = Products;
			sourceTree = "<group>";
		};
		5E88134B2AF4D8110044F299 /* FirstObserverAir */ = {
			isa = PBXGroup;
			children = (
				5E1148F42B5BC57C0073B2E8 /* ExploreNewFeature  */,
				5E1148E42B5907180073B2E8 /* MallController */,
				5E0DE9082B458F7E00F3387C /* MapController */,
				5E9B521D2B51218600F907B6 /* FullScreenImage */,
				5E7D7E652B44A0920009B8E8 /* Product */,
				5E8813652AF4D91E0044F299 /* Supporting files */,
				5E1A35322B13DF240076FDC1 /* Helpers */,
				5E8813602AF4D87F0044F299 /* Application */,
				5E1A352F2B13DCBE0076FDC1 /* NavigationController */,
				5E1A352E2B13DCAA0076FDC1 /* TabBarController */,
				5E1A353A2B13E61F0076FDC1 /* Home */,
				5E1A353F2B13E72C0076FDC1 /* Catalog */,
				5E1A35432B13E7980076FDC1 /* Malls */,
				5E1A35472B13E7E90076FDC1 /* Cart */,
				5E1A354B2B13E8380076FDC1 /* Profile */,
				5E1A35532B14D1F50076FDC1 /* Onboard */,
				5E1A355B2B15FF3B0076FDC1 /* LaunchScreen */,
				5E22B1332B3AE40000CDD18A /* AllShops */,
				5E7DE9DB2B73BB18007B44CC /* FilterController */,
				5E7DE9D72B72536E007B44CC /* AllMalls */,
				5E22B13A2B3C0AAD00CDD18A /* ListProduct */,
			);
			path = FirstObserverAir;
			sourceTree = "<group>";
		};
		5E8813602AF4D87F0044F299 /* Application */ = {
			isa = PBXGroup;
			children = (
				5E8813612AF4D88B0044F299 /* Model */,
				5E8813622AF4D8920044F299 /* View */,
				5E8813632AF4D89E0044F299 /* Controller */,
				5E8813642AF4D8A80044F299 /* NetworkService */,
			);
			path = Application;
			sourceTree = "<group>";
		};
		5E8813612AF4D88B0044F299 /* Model */ = {
			isa = PBXGroup;
			children = (
				5E1A35602B161CF60076FDC1 /* AppSettings.swift */,
				5E0701882B25DC3B00517EA0 /* UIModels.swift */,
				5E2700382B70C99D0073367C /* ModelDataTransformation.swift */,
			);
			path = Model;
			sourceTree = "<group>";
		};
		5E8813622AF4D8920044F299 /* View */ = {
			isa = PBXGroup;
			children = (
			);
			path = View;
			sourceTree = "<group>";
		};
		5E8813632AF4D89E0044F299 /* Controller */ = {
			isa = PBXGroup;
			children = (
				5E88134C2AF4D8110044F299 /* AppDelegate.swift */,
				5E88134E2AF4D8110044F299 /* SceneDelegate.swift */,
			);
			path = Controller;
			sourceTree = "<group>";
		};
		5E8813642AF4D8A80044F299 /* NetworkService */ = {
			isa = PBXGroup;
			children = (
				5E1A355E2B161B3D0076FDC1 /* FirebaseService.swift */,
				5E0701852B25D4C300517EA0 /* NetworkMonitor.swift */,
			);
			path = NetworkService;
			sourceTree = "<group>";
		};
		5E8813652AF4D91E0044F299 /* Supporting files */ = {
			isa = PBXGroup;
			children = (
				5E88135A2AF4D8180044F299 /* Info.plist */,
				5E8813552AF4D8180044F299 /* Assets.xcassets */,
				5E8813662AF4DB7A0044F299 /* GoogleService-Info.plist */,
			);
			path = "Supporting files";
			sourceTree = "<group>";
		};
		5E9B521D2B51218600F907B6 /* FullScreenImage */ = {
			isa = PBXGroup;
			children = (
				5E9B52202B5121B500F907B6 /* Controller */,
				5E9B521F2B5121AE00F907B6 /* View */,
				5E9B521E2B5121A700F907B6 /* Model */,
			);
			path = FullScreenImage;
			sourceTree = "<group>";
		};
		5E9B521E2B5121A700F907B6 /* Model */ = {
			isa = PBXGroup;
			children = (
			);
			path = Model;
			sourceTree = "<group>";
		};
		5E9B521F2B5121AE00F907B6 /* View */ = {
			isa = PBXGroup;
			children = (
				5E9B52232B51222C00F907B6 /* FullScreenImageCell.swift */,
				5E9B52252B51226000F907B6 /* ImageScrollView.swift */,
			);
			path = View;
			sourceTree = "<group>";
		};
		5E9B52202B5121B500F907B6 /* Controller */ = {
			isa = PBXGroup;
			children = (
				5E9B52212B5121E400F907B6 /* FullScreenImageController.swift */,
			);
			path = Controller;
			sourceTree = "<group>";
		};
		5E9B52272B52ADA300F907B6 /* Model */ = {
			isa = PBXGroup;
			children = (
				5E0DE9092B458FFC00F3387C /* MapViewModel.swift */,
				5EFAC9A02B6A602E00B8A824 /* MapHelper.swift */,
			);
			path = Model;
			sourceTree = "<group>";
		};
		5E9B52282B52ADB400F907B6 /* Controller */ = {
			isa = PBXGroup;
			children = (
				5E9B522A2B52ADDE00F907B6 /* MapController.swift */,
			);
			path = Controller;
			sourceTree = "<group>";
		};
		5E9B52292B52ADC400F907B6 /* View */ = {
			isa = PBXGroup;
			children = (
				5E0DE9062B458ABA00F3387C /* MapView.swift */,
				5E9B522C2B52AE6200F907B6 /* XMarkView.swift */,
			);
			path = View;
			sourceTree = "<group>";
		};
		5EC4923B2B3076900061C71F /* Cell */ = {
			isa = PBXGroup;
			children = (
				5EC492372B304C410061C71F /* ShopCell.swift */,
				5EC492392B3063370061C71F /* ProductCell.swift */,
				5EC492352B303E5F0061C71F /* MallCell.swift */,
				5E99AB5B2B358B7C00FA9FD4 /* HomeCollectionView.swift */,
			);
			path = Cell;
			sourceTree = "<group>";
		};
		5EC4923C2B3076B00061C71F /* Header */ = {
			isa = PBXGroup;
			children = (
				5EC4923D2B3076F10061C71F /* BackgroundCollectionReusableView.swift */,
				5EC4923F2B3079250061C71F /* HeaderTitleSection.swift */,
				5EC492412B307A950061C71F /* HeaderShopSection.swift */,
				5EC492432B307CF90061C71F /* HeaderMallSection.swift */,
			);
			path = Header;
			sourceTree = "<group>";
		};
		5EFAC9A32B6BCF2200B8A824 /* View */ = {
			isa = PBXGroup;
			children = (
			);
			path = View;
			sourceTree = "<group>";
		};
		5EFAC9A42B6BCF2A00B8A824 /* Model */ = {
			isa = PBXGroup;
			children = (
			);
			path = Model;
			sourceTree = "<group>";
		};
		5EFAC9A72B6CD4AA00B8A824 /* View */ = {
			isa = PBXGroup;
			children = (
				5E8C4CB22B6E81E100756DDA /* HeaderCatalogSection.swift */,
			);
			path = View;
			sourceTree = "<group>";
		};
		5EFAC9A82B6CD4B100B8A824 /* Model */ = {
			isa = PBXGroup;
			children = (
				5EFAC9A52B6BD29400B8A824 /* CatalogFirebaseService.swift */,
			);
			path = Model;
			sourceTree = "<group>";
		};
/* End PBXGroup section */

/* Begin PBXNativeTarget section */
		5E8813482AF4D8110044F299 /* FirstObserverAir */ = {
			isa = PBXNativeTarget;
			buildConfigurationList = 5E88135D2AF4D8180044F299 /* Build configuration list for PBXNativeTarget "FirstObserverAir" */;
			buildPhases = (
				F13B4354689CEBD2D35E8F56 /* [CP] Check Pods Manifest.lock */,
				5E8813452AF4D8110044F299 /* Sources */,
				5E8813462AF4D8110044F299 /* Frameworks */,
				5E8813472AF4D8110044F299 /* Resources */,
				0947D446E7D1279B5022713B /* [CP] Embed Pods Frameworks */,
			);
			buildRules = (
			);
			dependencies = (
			);
			name = FirstObserverAir;
			productName = FirstObserverAir;
			productReference = 5E8813492AF4D8110044F299 /* FirstObserverAir.app */;
			productType = "com.apple.product-type.application";
		};
/* End PBXNativeTarget section */

/* Begin PBXProject section */
		5E8813412AF4D8110044F299 /* Project object */ = {
			isa = PBXProject;
			attributes = {
				BuildIndependentTargetsInParallel = 1;
				LastSwiftUpdateCheck = 1320;
				LastUpgradeCheck = 1320;
				TargetAttributes = {
					5E8813482AF4D8110044F299 = {
						CreatedOnToolsVersion = 13.2.1;
					};
				};
			};
			buildConfigurationList = 5E8813442AF4D8110044F299 /* Build configuration list for PBXProject "FirstObserverAir" */;
			compatibilityVersion = "Xcode 13.0";
			developmentRegion = en;
			hasScannedForEncodings = 0;
			knownRegions = (
				en,
				Base,
			);
			mainGroup = 5E8813402AF4D8110044F299;
			productRefGroup = 5E88134A2AF4D8110044F299 /* Products */;
			projectDirPath = "";
			projectRoot = "";
			targets = (
				5E8813482AF4D8110044F299 /* FirstObserverAir */,
			);
		};
/* End PBXProject section */

/* Begin PBXResourcesBuildPhase section */
		5E8813472AF4D8110044F299 /* Resources */ = {
			isa = PBXResourcesBuildPhase;
			buildActionMask = 2147483647;
			files = (
				5E8813672AF4DB7A0044F299 /* GoogleService-Info.plist in Resources */,
				5E8813562AF4D8180044F299 /* Assets.xcassets in Resources */,
			);
			runOnlyForDeploymentPostprocessing = 0;
		};
/* End PBXResourcesBuildPhase section */

/* Begin PBXShellScriptBuildPhase section */
		0947D446E7D1279B5022713B /* [CP] Embed Pods Frameworks */ = {
			isa = PBXShellScriptBuildPhase;
			buildActionMask = 2147483647;
			files = (
			);
			inputFileListPaths = (
				"${PODS_ROOT}/Target Support Files/Pods-FirstObserverAir/Pods-FirstObserverAir-frameworks-${CONFIGURATION}-input-files.xcfilelist",
			);
			name = "[CP] Embed Pods Frameworks";
			outputFileListPaths = (
				"${PODS_ROOT}/Target Support Files/Pods-FirstObserverAir/Pods-FirstObserverAir-frameworks-${CONFIGURATION}-output-files.xcfilelist",
			);
			runOnlyForDeploymentPostprocessing = 0;
			shellPath = /bin/sh;
			shellScript = "\"${PODS_ROOT}/Target Support Files/Pods-FirstObserverAir/Pods-FirstObserverAir-frameworks.sh\"\n";
			showEnvVarsInLog = 0;
		};
		F13B4354689CEBD2D35E8F56 /* [CP] Check Pods Manifest.lock */ = {
			isa = PBXShellScriptBuildPhase;
			buildActionMask = 2147483647;
			files = (
			);
			inputFileListPaths = (
			);
			inputPaths = (
				"${PODS_PODFILE_DIR_PATH}/Podfile.lock",
				"${PODS_ROOT}/Manifest.lock",
			);
			name = "[CP] Check Pods Manifest.lock";
			outputFileListPaths = (
			);
			outputPaths = (
				"$(DERIVED_FILE_DIR)/Pods-FirstObserverAir-checkManifestLockResult.txt",
			);
			runOnlyForDeploymentPostprocessing = 0;
			shellPath = /bin/sh;
			shellScript = "diff \"${PODS_PODFILE_DIR_PATH}/Podfile.lock\" \"${PODS_ROOT}/Manifest.lock\" > /dev/null\nif [ $? != 0 ] ; then\n    # print error to STDERR\n    echo \"error: The sandbox is not in sync with the Podfile.lock. Run 'pod install' or update your CocoaPods installation.\" >&2\n    exit 1\nfi\n# This output is used by Xcode 'outputs' to avoid re-running this script phase.\necho \"SUCCESS\" > \"${SCRIPT_OUTPUT_FILE_0}\"\n";
			showEnvVarsInLog = 0;
		};
/* End PBXShellScriptBuildPhase section */

/* Begin PBXSourcesBuildPhase section */
		5E8813452AF4D8110044F299 /* Sources */ = {
			isa = PBXSourcesBuildPhase;
			buildActionMask = 2147483647;
			files = (
				5EC492402B3079250061C71F /* HeaderTitleSection.swift in Sources */,
				5E1A35312B13DE8A0076FDC1 /* Resources.swift in Sources */,
				5E8C4CB32B6E81E100756DDA /* HeaderCatalogSection.swift in Sources */,
				5E1A35422B13E77A0076FDC1 /* CatalogController.swift in Sources */,
				5E88134D2AF4D8110044F299 /* AppDelegate.swift in Sources */,
				5E9B522D2B52AE6200F907B6 /* XMarkView.swift in Sources */,
				5E9B52222B5121E400F907B6 /* FullScreenImageController.swift in Sources */,
				5EC492362B303E600061C71F /* MallCell.swift in Sources */,
				5E0701892B25DC3B00517EA0 /* UIModels.swift in Sources */,
				5E1A353D2B13E6E30076FDC1 /* HomeController.swift in Sources */,
				5E7DE9E02B73BBF2007B44CC /* FieldFilterFlowLayout.swift in Sources */,
				5E22B13F2B3C0B0000CDD18A /* ListProductController.swift in Sources */,
				5E7D7E702B44ABD80009B8E8 /* ImageNumber.swift in Sources */,
				5E1A35372B13E1770076FDC1 /* TabBarController.swift in Sources */,
				5E1A35352B13DFED0076FDC1 /* UIColor + ext.swift in Sources */,
				5E22B1392B3AE91700CDD18A /* AllShopCell.swift in Sources */,
				5E1A355D2B15FF720076FDC1 /* LaunchScreenController.swift in Sources */,
				5E1A35552B14D2760076FDC1 /* PresentController.swift in Sources */,
				5E07018F2B27252700517EA0 /* CloudFirestoreService.swift in Sources */,
				5E7DE9E22B73BD57007B44CC /* FilterCell.swift in Sources */,
				5E1148FE2B5BCDB60073B2E8 /* MallService.swift in Sources */,
				5EFAC9952B6510E600B8A824 /* CompositeLayoutCollectionAsMallVC.swift in Sources */,
				5EFAC9A62B6BD29400B8A824 /* CatalogFirebaseService.swift in Sources */,
				5E1A35592B14D2E70076FDC1 /* ChildContentController.swift in Sources */,
				5E7DE9D62B723D88007B44CC /* Patterns.swift in Sources */,
				5EFAC99F2B6A5D6800B8A824 /* ShopCellIntoMall.swift in Sources */,
				5EFAC99D2B69313300B8A824 /* BuilderViewController.swift in Sources */,
				5E9B52262B51226000F907B6 /* ImageScrollView.swift in Sources */,
				5E22B1372B3AE59300CDD18A /* AllShops.swift in Sources */,
				5E1148FC2B5BC6EA0073B2E8 /* UIApplication + ext.swift in Sources */,
				5E7D7E722B44ACAD0009B8E8 /* MallTableViewCell.swift in Sources */,
				5E0DE9052B45479700F3387C /* AddToCartAnimationView.swift in Sources */,
				5E1A35572B14D2BD0076FDC1 /* ChildPageController.swift in Sources */,
				5E1148F72B5BC5BA0073B2E8 /* CustomNavigationBar.swift in Sources */,
				5E99AB5C2B358B7C00FA9FD4 /* HomeCollectionView.swift in Sources */,
				5E1A35392B13E27E0076FDC1 /* NavigationController.swift in Sources */,
				5E7D7E6A2B44A0EE0009B8E8 /* ProductController.swift in Sources */,
				5EC4923E2B3076F10061C71F /* BackgroundCollectionReusableView.swift in Sources */,
				5E7D7E742B44AD030009B8E8 /* ShopDetailController.swift in Sources */,
				5E1A35522B14AE980076FDC1 /* UITabBarController + ext.swift in Sources */,
				5EC4923A2B3063370061C71F /* ProductCell.swift in Sources */,
				5E1A355F2B161B3D0076FDC1 /* FirebaseService.swift in Sources */,
				5E07018D2B27209A00517EA0 /* HomeFirebaseService.swift in Sources */,
				5E9B522B2B52ADDE00F907B6 /* MapController.swift in Sources */,
				5E0701862B25D4C400517EA0 /* NetworkMonitor.swift in Sources */,
				5EFAC9A12B6A602E00B8A824 /* MapHelper.swift in Sources */,
				5E1A354E2B13E8700076FDC1 /* ProfileController.swift in Sources */,
				5EC492442B307CF90061C71F /* HeaderMallSection.swift in Sources */,
				5EC492382B304C410061C71F /* ShopCell.swift in Sources */,
				5E7D7E6C2B44A7B70009B8E8 /* ImageCell.swift in Sources */,
				5E1148E32B57D8C10073B2E8 /* SettingScreenOrientation.swift in Sources */,
				5E1A35612B161CF60076FDC1 /* AppSettings.swift in Sources */,
				5E0DE9072B458ABA00F3387C /* MapView.swift in Sources */,
				5EFAC99B2B666C8100B8A824 /* MapCell.swift in Sources */,
				5E7DE9DA2B7253A4007B44CC /* AllMallsController.swift in Sources */,
				5E0701922B2733DE00517EA0 /* UIViewController + ext.swift in Sources */,
				5E9B52242B51222C00F907B6 /* FullScreenImageCell.swift in Sources */,
				5E0DE90A2B458FFC00F3387C /* MapViewModel.swift in Sources */,
				5E1A35652B17246E0076FDC1 /* ActivityContainerView.swift in Sources */,
				5E1A354A2B13E81E0076FDC1 /* CartController.swift in Sources */,
				5EC492422B307A950061C71F /* HeaderShopSection.swift in Sources */,
				5E0DE90C2B459B9000F3387C /* ProductFirebaseService.swift in Sources */,
				5E22B1412B3C0D4E00CDD18A /* ListProductService.swift in Sources */,
				5E1148FA2B5BC6180073B2E8 /* Date.swift in Sources */,
				5E1A35462B13E7CC0076FDC1 /* MallsController.swift in Sources */,
				5E1A35672B1734A90076FDC1 /* PlaceholderView.swift in Sources */,
				5E22B1432B3C443500CDD18A /* ListProductCollectionView.swift in Sources */,
				5E1148E92B5907680073B2E8 /* MallController.swift in Sources */,
				5E88134F2AF4D8110044F299 /* SceneDelegate.swift in Sources */,
				5E2700392B70C99D0073367C /* ModelDataTransformation.swift in Sources */,
				5EFAC9992B665F7F00B8A824 /* NavigationMallCell.swift in Sources */,
			);
			runOnlyForDeploymentPostprocessing = 0;
		};
/* End PBXSourcesBuildPhase section */

/* Begin XCBuildConfiguration section */
		5E88135B2AF4D8180044F299 /* Debug */ = {
			isa = XCBuildConfiguration;
			buildSettings = {
				ALWAYS_SEARCH_USER_PATHS = NO;
				CLANG_ANALYZER_NONNULL = YES;
				CLANG_ANALYZER_NUMBER_OBJECT_CONVERSION = YES_AGGRESSIVE;
				CLANG_CXX_LANGUAGE_STANDARD = "gnu++17";
				CLANG_CXX_LIBRARY = "libc++";
				CLANG_ENABLE_MODULES = YES;
				CLANG_ENABLE_OBJC_ARC = YES;
				CLANG_ENABLE_OBJC_WEAK = YES;
				CLANG_WARN_BLOCK_CAPTURE_AUTORELEASING = YES;
				CLANG_WARN_BOOL_CONVERSION = YES;
				CLANG_WARN_COMMA = YES;
				CLANG_WARN_CONSTANT_CONVERSION = YES;
				CLANG_WARN_DEPRECATED_OBJC_IMPLEMENTATIONS = YES;
				CLANG_WARN_DIRECT_OBJC_ISA_USAGE = YES_ERROR;
				CLANG_WARN_DOCUMENTATION_COMMENTS = YES;
				CLANG_WARN_EMPTY_BODY = YES;
				CLANG_WARN_ENUM_CONVERSION = YES;
				CLANG_WARN_INFINITE_RECURSION = YES;
				CLANG_WARN_INT_CONVERSION = YES;
				CLANG_WARN_NON_LITERAL_NULL_CONVERSION = YES;
				CLANG_WARN_OBJC_IMPLICIT_RETAIN_SELF = YES;
				CLANG_WARN_OBJC_LITERAL_CONVERSION = YES;
				CLANG_WARN_OBJC_ROOT_CLASS = YES_ERROR;
				CLANG_WARN_QUOTED_INCLUDE_IN_FRAMEWORK_HEADER = YES;
				CLANG_WARN_RANGE_LOOP_ANALYSIS = YES;
				CLANG_WARN_STRICT_PROTOTYPES = YES;
				CLANG_WARN_SUSPICIOUS_MOVE = YES;
				CLANG_WARN_UNGUARDED_AVAILABILITY = YES_AGGRESSIVE;
				CLANG_WARN_UNREACHABLE_CODE = YES;
				CLANG_WARN__DUPLICATE_METHOD_MATCH = YES;
				COPY_PHASE_STRIP = NO;
				DEBUG_INFORMATION_FORMAT = dwarf;
				ENABLE_STRICT_OBJC_MSGSEND = YES;
				ENABLE_TESTABILITY = YES;
				GCC_C_LANGUAGE_STANDARD = gnu11;
				GCC_DYNAMIC_NO_PIC = NO;
				GCC_NO_COMMON_BLOCKS = YES;
				GCC_OPTIMIZATION_LEVEL = 0;
				GCC_PREPROCESSOR_DEFINITIONS = (
					"DEBUG=1",
					"$(inherited)",
				);
				GCC_WARN_64_TO_32_BIT_CONVERSION = YES;
				GCC_WARN_ABOUT_RETURN_TYPE = YES_ERROR;
				GCC_WARN_UNDECLARED_SELECTOR = YES;
				GCC_WARN_UNINITIALIZED_AUTOS = YES_AGGRESSIVE;
				GCC_WARN_UNUSED_FUNCTION = YES;
				GCC_WARN_UNUSED_VARIABLE = YES;
				IPHONEOS_DEPLOYMENT_TARGET = 15.2;
				MTL_ENABLE_DEBUG_INFO = INCLUDE_SOURCE;
				MTL_FAST_MATH = YES;
				ONLY_ACTIVE_ARCH = YES;
				SDKROOT = iphoneos;
				SWIFT_ACTIVE_COMPILATION_CONDITIONS = DEBUG;
				SWIFT_OPTIMIZATION_LEVEL = "-Onone";
			};
			name = Debug;
		};
		5E88135C2AF4D8180044F299 /* Release */ = {
			isa = XCBuildConfiguration;
			buildSettings = {
				ALWAYS_SEARCH_USER_PATHS = NO;
				CLANG_ANALYZER_NONNULL = YES;
				CLANG_ANALYZER_NUMBER_OBJECT_CONVERSION = YES_AGGRESSIVE;
				CLANG_CXX_LANGUAGE_STANDARD = "gnu++17";
				CLANG_CXX_LIBRARY = "libc++";
				CLANG_ENABLE_MODULES = YES;
				CLANG_ENABLE_OBJC_ARC = YES;
				CLANG_ENABLE_OBJC_WEAK = YES;
				CLANG_WARN_BLOCK_CAPTURE_AUTORELEASING = YES;
				CLANG_WARN_BOOL_CONVERSION = YES;
				CLANG_WARN_COMMA = YES;
				CLANG_WARN_CONSTANT_CONVERSION = YES;
				CLANG_WARN_DEPRECATED_OBJC_IMPLEMENTATIONS = YES;
				CLANG_WARN_DIRECT_OBJC_ISA_USAGE = YES_ERROR;
				CLANG_WARN_DOCUMENTATION_COMMENTS = YES;
				CLANG_WARN_EMPTY_BODY = YES;
				CLANG_WARN_ENUM_CONVERSION = YES;
				CLANG_WARN_INFINITE_RECURSION = YES;
				CLANG_WARN_INT_CONVERSION = YES;
				CLANG_WARN_NON_LITERAL_NULL_CONVERSION = YES;
				CLANG_WARN_OBJC_IMPLICIT_RETAIN_SELF = YES;
				CLANG_WARN_OBJC_LITERAL_CONVERSION = YES;
				CLANG_WARN_OBJC_ROOT_CLASS = YES_ERROR;
				CLANG_WARN_QUOTED_INCLUDE_IN_FRAMEWORK_HEADER = YES;
				CLANG_WARN_RANGE_LOOP_ANALYSIS = YES;
				CLANG_WARN_STRICT_PROTOTYPES = YES;
				CLANG_WARN_SUSPICIOUS_MOVE = YES;
				CLANG_WARN_UNGUARDED_AVAILABILITY = YES_AGGRESSIVE;
				CLANG_WARN_UNREACHABLE_CODE = YES;
				CLANG_WARN__DUPLICATE_METHOD_MATCH = YES;
				COPY_PHASE_STRIP = NO;
				DEBUG_INFORMATION_FORMAT = "dwarf-with-dsym";
				ENABLE_NS_ASSERTIONS = NO;
				ENABLE_STRICT_OBJC_MSGSEND = YES;
				GCC_C_LANGUAGE_STANDARD = gnu11;
				GCC_NO_COMMON_BLOCKS = YES;
				GCC_WARN_64_TO_32_BIT_CONVERSION = YES;
				GCC_WARN_ABOUT_RETURN_TYPE = YES_ERROR;
				GCC_WARN_UNDECLARED_SELECTOR = YES;
				GCC_WARN_UNINITIALIZED_AUTOS = YES_AGGRESSIVE;
				GCC_WARN_UNUSED_FUNCTION = YES;
				GCC_WARN_UNUSED_VARIABLE = YES;
				IPHONEOS_DEPLOYMENT_TARGET = 15.2;
				MTL_ENABLE_DEBUG_INFO = NO;
				MTL_FAST_MATH = YES;
				SDKROOT = iphoneos;
				SWIFT_COMPILATION_MODE = wholemodule;
				SWIFT_OPTIMIZATION_LEVEL = "-O";
				VALIDATE_PRODUCT = YES;
			};
			name = Release;
		};
		5E88135E2AF4D8180044F299 /* Debug */ = {
			isa = XCBuildConfiguration;
			baseConfigurationReference = 25B33F3694BF03C8F4D45936 /* Pods-FirstObserverAir.debug.xcconfig */;
			buildSettings = {
				ASSETCATALOG_COMPILER_APPICON_NAME = AppIcon;
				ASSETCATALOG_COMPILER_GLOBAL_ACCENT_COLOR_NAME = AccentColor;
				CODE_SIGN_STYLE = Automatic;
				CURRENT_PROJECT_VERSION = 1;
				DEVELOPMENT_TEAM = QD93FKGNRU;
				GENERATE_INFOPLIST_FILE = YES;
				INFOPLIST_FILE = "FirstObserverAir/Supporting files/Info.plist";
				INFOPLIST_KEY_UIApplicationSupportsIndirectInputEvents = YES;
				INFOPLIST_KEY_UISupportedInterfaceOrientations_iPad = "UIInterfaceOrientationPortrait UIInterfaceOrientationPortraitUpsideDown UIInterfaceOrientationLandscapeLeft UIInterfaceOrientationLandscapeRight";
				INFOPLIST_KEY_UISupportedInterfaceOrientations_iPhone = "UIInterfaceOrientationPortrait UIInterfaceOrientationLandscapeLeft UIInterfaceOrientationLandscapeRight";
				LD_RUNPATH_SEARCH_PATHS = (
					"$(inherited)",
					"@executable_path/Frameworks",
				);
				MARKETING_VERSION = 1.0;
				PRODUCT_BUNDLE_IDENTIFIER = klenov.FirstObserverAir;
				PRODUCT_NAME = "$(TARGET_NAME)";
				SWIFT_EMIT_LOC_STRINGS = YES;
				SWIFT_VERSION = 5.0;
				TARGETED_DEVICE_FAMILY = "1,2";
			};
			name = Debug;
		};
		5E88135F2AF4D8180044F299 /* Release */ = {
			isa = XCBuildConfiguration;
			baseConfigurationReference = 6AA0408173C8FC1180172F7B /* Pods-FirstObserverAir.release.xcconfig */;
			buildSettings = {
				ASSETCATALOG_COMPILER_APPICON_NAME = AppIcon;
				ASSETCATALOG_COMPILER_GLOBAL_ACCENT_COLOR_NAME = AccentColor;
				CODE_SIGN_STYLE = Automatic;
				CURRENT_PROJECT_VERSION = 1;
				DEVELOPMENT_TEAM = QD93FKGNRU;
				GENERATE_INFOPLIST_FILE = YES;
				INFOPLIST_FILE = "FirstObserverAir/Supporting files/Info.plist";
				INFOPLIST_KEY_UIApplicationSupportsIndirectInputEvents = YES;
				INFOPLIST_KEY_UISupportedInterfaceOrientations_iPad = "UIInterfaceOrientationPortrait UIInterfaceOrientationPortraitUpsideDown UIInterfaceOrientationLandscapeLeft UIInterfaceOrientationLandscapeRight";
				INFOPLIST_KEY_UISupportedInterfaceOrientations_iPhone = "UIInterfaceOrientationPortrait UIInterfaceOrientationLandscapeLeft UIInterfaceOrientationLandscapeRight";
				LD_RUNPATH_SEARCH_PATHS = (
					"$(inherited)",
					"@executable_path/Frameworks",
				);
				MARKETING_VERSION = 1.0;
				PRODUCT_BUNDLE_IDENTIFIER = klenov.FirstObserverAir;
				PRODUCT_NAME = "$(TARGET_NAME)";
				SWIFT_EMIT_LOC_STRINGS = YES;
				SWIFT_VERSION = 5.0;
				TARGETED_DEVICE_FAMILY = "1,2";
			};
			name = Release;
		};
/* End XCBuildConfiguration section */

/* Begin XCConfigurationList section */
		5E8813442AF4D8110044F299 /* Build configuration list for PBXProject "FirstObserverAir" */ = {
			isa = XCConfigurationList;
			buildConfigurations = (
				5E88135B2AF4D8180044F299 /* Debug */,
				5E88135C2AF4D8180044F299 /* Release */,
			);
			defaultConfigurationIsVisible = 0;
			defaultConfigurationName = Release;
		};
		5E88135D2AF4D8180044F299 /* Build configuration list for PBXNativeTarget "FirstObserverAir" */ = {
			isa = XCConfigurationList;
			buildConfigurations = (
				5E88135E2AF4D8180044F299 /* Debug */,
				5E88135F2AF4D8180044F299 /* Release */,
			);
			defaultConfigurationIsVisible = 0;
			defaultConfigurationName = Release;
		};
/* End XCConfigurationList section */
	};
	rootObject = 5E8813412AF4D8110044F299 /* Project object */;
}
